
Microsoft Visual Studio Solution File, Format Version 12.00
# Visual Studio Version 17
VisualStudioVersion = 17.7.34221.43
MinimumVisualStudioVersion = 10.0.40219.1
Project("{FAE04EC0-301F-11D3-BF4B-00C04F79EFBC}") = "pb24", "pb24\pb24.csproj", "{76C70140-CDD5-409F-A62C-CC9826AFD8F8}"
EndProject
Global
	GlobalSection(SolutionConfigurationPlatforms) = preSolution
		Debug|Any CPU = Debug|Any CPU
		Release|Any CPU = Release|Any CPU
	EndGlobalSection
	GlobalSection(ProjectConfigurationPlatforms) = postSolution
		{76C70140-CDD5-409F-A62C-CC9826AFD8F8}.Debug|Any CPU.ActiveCfg = Debug|Any CPU
		{76C70140-CDD5-409F-A62C-CC9826AFD8F8}.Debug|Any CPU.Build.0 = Debug|Any CPU
		{76C70140-CDD5-409F-A62C-CC9826AFD8F8}.Release|Any CPU.ActiveCfg = Release|Any CPU
		{76C70140-CDD5-409F-A62C-CC9826AFD8F8}.Release|Any CPU.Build.0 = Release|Any CPU
	EndGlobalSection
	GlobalSection(SolutionProperties) = preSolution
		HideSolutionNode = FALSE
	EndGlobalSection
	GlobalSection(ExtensibilityGlobals) = postSolution
		SolutionGuid = {C7780579-9F72-4BAB-B7DE-B22E9607D35C}
	EndGlobalSection
EndGlobal
