
Microsoft Visual Studio Solution File, Format Version 12.00
# Visual Studio Version 17
VisualStudioVersion = 17.7.34221.43
MinimumVisualStudioVersion = 10.0.40219.1
Project("{FAE04EC0-301F-11D3-BF4B-00C04F79EFBC}") = "pb14", "pb14\pb14.csproj", "{1381AE9E-CBAC-4299-9429-039C23261D83}"
EndProject
Global
	GlobalSection(SolutionConfigurationPlatforms) = preSolution
		Debug|Any CPU = Debug|Any CPU
		Release|Any CPU = Release|Any CPU
	EndGlobalSection
	GlobalSection(ProjectConfigurationPlatforms) = postSolution
		{1381AE9E-CBAC-4299-9429-039C23261D83}.Debug|Any CPU.ActiveCfg = Debug|Any CPU
		{1381AE9E-CBAC-4299-9429-039C23261D83}.Debug|Any CPU.Build.0 = Debug|Any CPU
		{1381AE9E-CBAC-4299-9429-039C23261D83}.Release|Any CPU.ActiveCfg = Release|Any CPU
		{1381AE9E-CBAC-4299-9429-039C23261D83}.Release|Any CPU.Build.0 = Release|Any CPU
	EndGlobalSection
	GlobalSection(SolutionProperties) = preSolution
		HideSolutionNode = FALSE
	EndGlobalSection
	GlobalSection(ExtensibilityGlobals) = postSolution
		SolutionGuid = {61C62666-9FCB-4CFE-83EE-9A3D4FE7E38F}
	EndGlobalSection
EndGlobal
