
Microsoft Visual Studio Solution File, Format Version 12.00
# Visual Studio Version 17
VisualStudioVersion = 17.7.34221.43
MinimumVisualStudioVersion = 10.0.40219.1
Project("{FAE04EC0-301F-11D3-BF4B-00C04F79EFBC}") = "pb16", "pb16\pb16.csproj", "{4690C680-54E1-41C0-A581-DC7FDC5C208B}"
EndProject
Global
	GlobalSection(SolutionConfigurationPlatforms) = preSolution
		Debug|Any CPU = Debug|Any CPU
		Release|Any CPU = Release|Any CPU
	EndGlobalSection
	GlobalSection(ProjectConfigurationPlatforms) = postSolution
		{4690C680-54E1-41C0-A581-DC7FDC5C208B}.Debug|Any CPU.ActiveCfg = Debug|Any CPU
		{4690C680-54E1-41C0-A581-DC7FDC5C208B}.Debug|Any CPU.Build.0 = Debug|Any CPU
		{4690C680-54E1-41C0-A581-DC7FDC5C208B}.Release|Any CPU.ActiveCfg = Release|Any CPU
		{4690C680-54E1-41C0-A581-DC7FDC5C208B}.Release|Any CPU.Build.0 = Release|Any CPU
	EndGlobalSection
	GlobalSection(SolutionProperties) = preSolution
		HideSolutionNode = FALSE
	EndGlobalSection
	GlobalSection(ExtensibilityGlobals) = postSolution
		SolutionGuid = {2F02C3CE-77FC-44E8-86C2-C0D645CE6149}
	EndGlobalSection
EndGlobal
